
Microsoft Visual Studio Solution File, Format Version 12.00
# Visual Studio Version 16
VisualStudioVersion = 16.0.29326.143
MinimumVisualStudioVersion = 10.0.40219.1
Project("{9A19103F-16F7-4668-BE54-9A1E7A4F7556}") = "Sir.Core", "Sir.Core\Sir.Core.csproj", "{2002DD08-0083-4184-BB1A-2469B608DE95}"
EndProject
Project("{2150E333-8FDC-42A3-9474-1A3956D46DE8}") = "resources", "resources", "{CA96B574-72B3-4954-8B51-4C961A6F6622}"
	ProjectSection(SolutionItems) = preProject
		AssemblyInfo.cs = AssemblyInfo.cs
		..\build.bat = ..\build.bat
		..\compare.bat = ..\compare.bat
		..\index.bat = ..\index.bat
		..\INSTALL.md = ..\INSTALL.md
		..\push-to-nuget.bat = ..\push-to-nuget.bat
		..\README.md = ..\README.md
		..\sir.bat = ..\sir.bat
		..\test.bat = ..\test.bat
		..\truncate.bat = ..\truncate.bat
		..\USER-GUIDE.md = ..\USER-GUIDE.md
		..\validate.bat = ..\validate.bat
	EndProjectSection
EndProject
Project("{9A19103F-16F7-4668-BE54-9A1E7A4F7556}") = "Sir.HttpServer", "Sir.HttpServer\Sir.HttpServer.csproj", "{C94C2F5D-AE55-4157-A74A-26D49EE73E96}"
EndProject
Project("{9A19103F-16F7-4668-BE54-9A1E7A4F7556}") = "Sir.KeyValue", "Sir.KeyValue\Sir.KeyValue.csproj", "{53B25A13-5C26-4344-9AB6-7E998282EF94}"
EndProject
Project("{2150E333-8FDC-42A3-9474-1A3956D46DE8}") = "apps", "apps", "{B97268C5-0BFA-4022-BA3F-C07C1F239C8D}"
EndProject
Project("{2150E333-8FDC-42A3-9474-1A3956D46DE8}") = "tests", "tests", "{35E2693A-1A42-4690-81A8-D424C3D24AD1}"
EndProject
Project("{9A19103F-16F7-4668-BE54-9A1E7A4F7556}") = "Sir.Documents", "Sir.Document\Sir.Documents.csproj", "{F6AFA2E5-1FEA-4DC6-9386-20315126C7C4}"
EndProject
Project("{9A19103F-16F7-4668-BE54-9A1E7A4F7556}") = "Sir.CommonCrawl", "Sir.CommonCrawl\Sir.CommonCrawl.csproj", "{304CAC1B-825A-4D89-AE4C-9C0FC5206607}"
EndProject
Project("{9A19103F-16F7-4668-BE54-9A1E7A4F7556}") = "Sir.Mnist", "Sir.Mnist\Sir.Mnist.csproj", "{436647C9-EDFF-44AD-AF2F-ABC4EBA70ED7}"
EndProject
Project("{9A19103F-16F7-4668-BE54-9A1E7A4F7556}") = "Sir.Wikipedia", "Sir.Wikipedia\Sir.Wikipedia.csproj", "{6F3C960C-7652-430C-A253-081E1506BA81}"
EndProject
Project("{9A19103F-16F7-4668-BE54-9A1E7A4F7556}") = "Sir.Crawl", "Sir.Crawl\Sir.Crawl.csproj", "{C529285B-07EC-4DA2-A6DC-1710DAE286FB}"
EndProject
Project("{9A19103F-16F7-4668-BE54-9A1E7A4F7556}") = "Sir.WebFront", "Sir.WebFront\Sir.WebFront.csproj", "{1731E700-FC10-45BB-9F94-E4835A8D64D9}"
EndProject
Project("{9A19103F-16F7-4668-BE54-9A1E7A4F7556}") = "Sir.Strings", "Sir.Strings\Sir.Strings.csproj", "{AB275A5B-E72E-475A-8E1A-FFA7A5F9C932}"
EndProject
Project("{9A19103F-16F7-4668-BE54-9A1E7A4F7556}") = "Sir.StringCompare", "Sir.StringCompare\Sir.StringCompare.csproj", "{C6050E65-9411-41E3-A6EE-0A45E6FFB4FC}"
EndProject
Project("{9A19103F-16F7-4668-BE54-9A1E7A4F7556}") = "Sir.Cmd", "Sir.Cmd\Sir.Cmd.csproj", "{CEDD3CA9-D38D-43BF-9013-212AE6332CE0}"
EndProject
Project("{9A19103F-16F7-4668-BE54-9A1E7A4F7556}") = "Sir.Images", "Sir.Images\Sir.Images.csproj", "{1DC66643-0C0A-48AC-9019-5C64C002BA32}"
EndProject
Project("{9A19103F-16F7-4668-BE54-9A1E7A4F7556}") = "Sir.Session", "Sir.Search\Sir.Session.csproj", "{8D6F6922-620E-4D70-A8BF-D0F08B713C83}"
EndProject
Project("{2150E333-8FDC-42A3-9474-1A3956D46DE8}") = "core", "core", "{644A2FAF-6617-41F6-88B7-92F21493B048}"
EndProject
Project("{2150E333-8FDC-42A3-9474-1A3956D46DE8}") = "datatypes", "datatypes", "{0C62844F-36C0-4029-BB36-3C27C0F29272}"
EndProject
Project("{2150E333-8FDC-42A3-9474-1A3956D46DE8}") = "exe", "exe", "{23D1F5F4-6D57-4995-98F6-38EED88C2260}"
EndProject
Project("{9A19103F-16F7-4668-BE54-9A1E7A4F7556}") = "Sir.StringTests", "Sir.StringTests\Sir.StringTests.csproj", "{20F14A4E-99AE-42FB-B447-6B78F1398406}"
EndProject
Project("{9A19103F-16F7-4668-BE54-9A1E7A4F7556}") = "Sir.ImageTests", "Sir.ImageTests\Sir.ImageTests.csproj", "{BD85D84A-0F4E-4880-A0CB-128BA9F34EDF}"
EndProject
Global
	GlobalSection(SolutionConfigurationPlatforms) = preSolution
		Debug|Any CPU = Debug|Any CPU
		Release|Any CPU = Release|Any CPU
	EndGlobalSection
	GlobalSection(ProjectConfigurationPlatforms) = postSolution
		{2002DD08-0083-4184-BB1A-2469B608DE95}.Debug|Any CPU.ActiveCfg = Debug|Any CPU
		{2002DD08-0083-4184-BB1A-2469B608DE95}.Debug|Any CPU.Build.0 = Debug|Any CPU
		{2002DD08-0083-4184-BB1A-2469B608DE95}.Release|Any CPU.ActiveCfg = Release|Any CPU
		{2002DD08-0083-4184-BB1A-2469B608DE95}.Release|Any CPU.Build.0 = Release|Any CPU
		{C94C2F5D-AE55-4157-A74A-26D49EE73E96}.Debug|Any CPU.ActiveCfg = Debug|Any CPU
		{C94C2F5D-AE55-4157-A74A-26D49EE73E96}.Debug|Any CPU.Build.0 = Debug|Any CPU
		{C94C2F5D-AE55-4157-A74A-26D49EE73E96}.Release|Any CPU.ActiveCfg = Release|Any CPU
		{C94C2F5D-AE55-4157-A74A-26D49EE73E96}.Release|Any CPU.Build.0 = Release|Any CPU
		{53B25A13-5C26-4344-9AB6-7E998282EF94}.Debug|Any CPU.ActiveCfg = Debug|Any CPU
		{53B25A13-5C26-4344-9AB6-7E998282EF94}.Debug|Any CPU.Build.0 = Debug|Any CPU
		{53B25A13-5C26-4344-9AB6-7E998282EF94}.Release|Any CPU.ActiveCfg = Release|Any CPU
		{53B25A13-5C26-4344-9AB6-7E998282EF94}.Release|Any CPU.Build.0 = Release|Any CPU
		{F6AFA2E5-1FEA-4DC6-9386-20315126C7C4}.Debug|Any CPU.ActiveCfg = Debug|Any CPU
		{F6AFA2E5-1FEA-4DC6-9386-20315126C7C4}.Debug|Any CPU.Build.0 = Debug|Any CPU
		{F6AFA2E5-1FEA-4DC6-9386-20315126C7C4}.Release|Any CPU.ActiveCfg = Release|Any CPU
		{F6AFA2E5-1FEA-4DC6-9386-20315126C7C4}.Release|Any CPU.Build.0 = Release|Any CPU
		{304CAC1B-825A-4D89-AE4C-9C0FC5206607}.Debug|Any CPU.ActiveCfg = Debug|Any CPU
		{304CAC1B-825A-4D89-AE4C-9C0FC5206607}.Debug|Any CPU.Build.0 = Debug|Any CPU
		{304CAC1B-825A-4D89-AE4C-9C0FC5206607}.Release|Any CPU.ActiveCfg = Release|Any CPU
		{304CAC1B-825A-4D89-AE4C-9C0FC5206607}.Release|Any CPU.Build.0 = Release|Any CPU
		{436647C9-EDFF-44AD-AF2F-ABC4EBA70ED7}.Debug|Any CPU.ActiveCfg = Debug|Any CPU
		{436647C9-EDFF-44AD-AF2F-ABC4EBA70ED7}.Debug|Any CPU.Build.0 = Debug|Any CPU
		{436647C9-EDFF-44AD-AF2F-ABC4EBA70ED7}.Release|Any CPU.ActiveCfg = Release|Any CPU
		{436647C9-EDFF-44AD-AF2F-ABC4EBA70ED7}.Release|Any CPU.Build.0 = Release|Any CPU
		{6F3C960C-7652-430C-A253-081E1506BA81}.Debug|Any CPU.ActiveCfg = Debug|Any CPU
		{6F3C960C-7652-430C-A253-081E1506BA81}.Debug|Any CPU.Build.0 = Debug|Any CPU
		{6F3C960C-7652-430C-A253-081E1506BA81}.Release|Any CPU.ActiveCfg = Release|Any CPU
		{6F3C960C-7652-430C-A253-081E1506BA81}.Release|Any CPU.Build.0 = Release|Any CPU
		{C529285B-07EC-4DA2-A6DC-1710DAE286FB}.Debug|Any CPU.ActiveCfg = Debug|Any CPU
		{C529285B-07EC-4DA2-A6DC-1710DAE286FB}.Debug|Any CPU.Build.0 = Debug|Any CPU
		{C529285B-07EC-4DA2-A6DC-1710DAE286FB}.Release|Any CPU.ActiveCfg = Release|Any CPU
		{C529285B-07EC-4DA2-A6DC-1710DAE286FB}.Release|Any CPU.Build.0 = Release|Any CPU
		{1731E700-FC10-45BB-9F94-E4835A8D64D9}.Debug|Any CPU.ActiveCfg = Debug|Any CPU
		{1731E700-FC10-45BB-9F94-E4835A8D64D9}.Debug|Any CPU.Build.0 = Debug|Any CPU
		{1731E700-FC10-45BB-9F94-E4835A8D64D9}.Release|Any CPU.ActiveCfg = Release|Any CPU
		{1731E700-FC10-45BB-9F94-E4835A8D64D9}.Release|Any CPU.Build.0 = Release|Any CPU
		{AB275A5B-E72E-475A-8E1A-FFA7A5F9C932}.Debug|Any CPU.ActiveCfg = Debug|Any CPU
		{AB275A5B-E72E-475A-8E1A-FFA7A5F9C932}.Debug|Any CPU.Build.0 = Debug|Any CPU
		{AB275A5B-E72E-475A-8E1A-FFA7A5F9C932}.Release|Any CPU.ActiveCfg = Release|Any CPU
		{AB275A5B-E72E-475A-8E1A-FFA7A5F9C932}.Release|Any CPU.Build.0 = Release|Any CPU
		{C6050E65-9411-41E3-A6EE-0A45E6FFB4FC}.Debug|Any CPU.ActiveCfg = Debug|Any CPU
		{C6050E65-9411-41E3-A6EE-0A45E6FFB4FC}.Debug|Any CPU.Build.0 = Debug|Any CPU
		{C6050E65-9411-41E3-A6EE-0A45E6FFB4FC}.Release|Any CPU.ActiveCfg = Release|Any CPU
		{C6050E65-9411-41E3-A6EE-0A45E6FFB4FC}.Release|Any CPU.Build.0 = Release|Any CPU
		{CEDD3CA9-D38D-43BF-9013-212AE6332CE0}.Debug|Any CPU.ActiveCfg = Debug|Any CPU
		{CEDD3CA9-D38D-43BF-9013-212AE6332CE0}.Debug|Any CPU.Build.0 = Debug|Any CPU
		{CEDD3CA9-D38D-43BF-9013-212AE6332CE0}.Release|Any CPU.ActiveCfg = Release|Any CPU
		{CEDD3CA9-D38D-43BF-9013-212AE6332CE0}.Release|Any CPU.Build.0 = Release|Any CPU
		{1DC66643-0C0A-48AC-9019-5C64C002BA32}.Debug|Any CPU.ActiveCfg = Debug|Any CPU
		{1DC66643-0C0A-48AC-9019-5C64C002BA32}.Debug|Any CPU.Build.0 = Debug|Any CPU
		{1DC66643-0C0A-48AC-9019-5C64C002BA32}.Release|Any CPU.ActiveCfg = Release|Any CPU
		{1DC66643-0C0A-48AC-9019-5C64C002BA32}.Release|Any CPU.Build.0 = Release|Any CPU
		{8D6F6922-620E-4D70-A8BF-D0F08B713C83}.Debug|Any CPU.ActiveCfg = Debug|Any CPU
		{8D6F6922-620E-4D70-A8BF-D0F08B713C83}.Debug|Any CPU.Build.0 = Debug|Any CPU
		{8D6F6922-620E-4D70-A8BF-D0F08B713C83}.Release|Any CPU.ActiveCfg = Release|Any CPU
		{8D6F6922-620E-4D70-A8BF-D0F08B713C83}.Release|Any CPU.Build.0 = Release|Any CPU
		{20F14A4E-99AE-42FB-B447-6B78F1398406}.Debug|Any CPU.ActiveCfg = Debug|Any CPU
		{20F14A4E-99AE-42FB-B447-6B78F1398406}.Debug|Any CPU.Build.0 = Debug|Any CPU
		{20F14A4E-99AE-42FB-B447-6B78F1398406}.Release|Any CPU.ActiveCfg = Release|Any CPU
		{20F14A4E-99AE-42FB-B447-6B78F1398406}.Release|Any CPU.Build.0 = Release|Any CPU
		{BD85D84A-0F4E-4880-A0CB-128BA9F34EDF}.Debug|Any CPU.ActiveCfg = Debug|Any CPU
		{BD85D84A-0F4E-4880-A0CB-128BA9F34EDF}.Debug|Any CPU.Build.0 = Debug|Any CPU
		{BD85D84A-0F4E-4880-A0CB-128BA9F34EDF}.Release|Any CPU.ActiveCfg = Release|Any CPU
		{BD85D84A-0F4E-4880-A0CB-128BA9F34EDF}.Release|Any CPU.Build.0 = Release|Any CPU
	EndGlobalSection
	GlobalSection(SolutionProperties) = preSolution
		HideSolutionNode = FALSE
	EndGlobalSection
	GlobalSection(NestedProjects) = preSolution
		{2002DD08-0083-4184-BB1A-2469B608DE95} = {644A2FAF-6617-41F6-88B7-92F21493B048}
		{C94C2F5D-AE55-4157-A74A-26D49EE73E96} = {23D1F5F4-6D57-4995-98F6-38EED88C2260}
		{53B25A13-5C26-4344-9AB6-7E998282EF94} = {644A2FAF-6617-41F6-88B7-92F21493B048}
		{F6AFA2E5-1FEA-4DC6-9386-20315126C7C4} = {644A2FAF-6617-41F6-88B7-92F21493B048}
		{304CAC1B-825A-4D89-AE4C-9C0FC5206607} = {B97268C5-0BFA-4022-BA3F-C07C1F239C8D}
		{436647C9-EDFF-44AD-AF2F-ABC4EBA70ED7} = {B97268C5-0BFA-4022-BA3F-C07C1F239C8D}
		{6F3C960C-7652-430C-A253-081E1506BA81} = {B97268C5-0BFA-4022-BA3F-C07C1F239C8D}
		{C529285B-07EC-4DA2-A6DC-1710DAE286FB} = {B97268C5-0BFA-4022-BA3F-C07C1F239C8D}
		{1731E700-FC10-45BB-9F94-E4835A8D64D9} = {23D1F5F4-6D57-4995-98F6-38EED88C2260}
		{AB275A5B-E72E-475A-8E1A-FFA7A5F9C932} = {0C62844F-36C0-4029-BB36-3C27C0F29272}
		{C6050E65-9411-41E3-A6EE-0A45E6FFB4FC} = {B97268C5-0BFA-4022-BA3F-C07C1F239C8D}
		{CEDD3CA9-D38D-43BF-9013-212AE6332CE0} = {23D1F5F4-6D57-4995-98F6-38EED88C2260}
		{1DC66643-0C0A-48AC-9019-5C64C002BA32} = {0C62844F-36C0-4029-BB36-3C27C0F29272}
		{8D6F6922-620E-4D70-A8BF-D0F08B713C83} = {644A2FAF-6617-41F6-88B7-92F21493B048}
		{23D1F5F4-6D57-4995-98F6-38EED88C2260} = {B97268C5-0BFA-4022-BA3F-C07C1F239C8D}
		{20F14A4E-99AE-42FB-B447-6B78F1398406} = {35E2693A-1A42-4690-81A8-D424C3D24AD1}
		{BD85D84A-0F4E-4880-A0CB-128BA9F34EDF} = {35E2693A-1A42-4690-81A8-D424C3D24AD1}
	EndGlobalSection
	GlobalSection(ExtensibilityGlobals) = postSolution
		SolutionGuid = {60BC16EF-AAA7-498C-A62A-56F3F740FC89}
	EndGlobalSection
EndGlobal
